
Microsoft Visual Studio Solution File, Format Version 12.00
# Visual Studio Version 17
VisualStudioVersion = 17.5.002.0
MinimumVisualStudioVersion = 10.0.40219.1
Project("{9A19103F-16F7-4668-BE54-9A1E7A4F7556}") = "Media Library", "Media Library.csproj", "{A8CE13DA-0399-41E0-B2A4-D3F7179ADBEC}"
EndProject
Global
	GlobalSection(SolutionConfigurationPlatforms) = preSolution
		Debug|Any CPU = Debug|Any CPU
		Release|Any CPU = Release|Any CPU
	EndGlobalSection
	GlobalSection(ProjectConfigurationPlatforms) = postSolution
		{A8CE13DA-0399-41E0-B2A4-D3F7179ADBEC}.Debug|Any CPU.ActiveCfg = Debug|Any CPU
		{A8CE13DA-0399-41E0-B2A4-D3F7179ADBEC}.Debug|Any CPU.Build.0 = Debug|Any CPU
		{A8CE13DA-0399-41E0-B2A4-D3F7179ADBEC}.Release|Any CPU.ActiveCfg = Release|Any CPU
		{A8CE13DA-0399-41E0-B2A4-D3F7179ADBEC}.Release|Any CPU.Build.0 = Release|Any CPU
	EndGlobalSection
	GlobalSection(SolutionProperties) = preSolution
		HideSolutionNode = FALSE
	EndGlobalSection
	GlobalSection(ExtensibilityGlobals) = postSolution
		SolutionGuid = {4AF50055-7F1D-43DE-8086-A7441DBD76EF}
	EndGlobalSection
EndGlobal
